
Microsoft Visual Studio Solution File, Format Version 12.00
# Visual Studio Version 17
VisualStudioVersion = 17.11.35327.3
MinimumVisualStudioVersion = 10.0.40219.1
Project("{FAE04EC0-301F-11D3-BF4B-00C04F79EFBC}") = "ImproperInstantiation", "ImproperInstantiation\ImproperInstantiation.csproj", "{AE919228-583C-4BAB-A34B-BED2BB07FF30}"
EndProject
Project("{FAE04EC0-301F-11D3-BF4B-00C04F79EFBC}") = "ImproperInstantiation.UserProfileService", "ImproperInstantiation.UserProfileService\ImproperInstantiation.UserProfileService.csproj", "{457037AE-C0D9-40C7-8AE5-C2C236024960}"
EndProject
Global
	GlobalSection(SolutionConfigurationPlatforms) = preSolution
		Debug|Any CPU = Debug|Any CPU
		Release|Any CPU = Release|Any CPU
	EndGlobalSection
	GlobalSection(ProjectConfigurationPlatforms) = postSolution
		{AE919228-583C-4BAB-A34B-BED2BB07FF30}.Debug|Any CPU.ActiveCfg = Debug|Any CPU
		{AE919228-583C-4BAB-A34B-BED2BB07FF30}.Debug|Any CPU.Build.0 = Debug|Any CPU
		{AE919228-583C-4BAB-A34B-BED2BB07FF30}.Release|Any CPU.ActiveCfg = Release|Any CPU
		{AE919228-583C-4BAB-A34B-BED2BB07FF30}.Release|Any CPU.Build.0 = Release|Any CPU
		{457037AE-C0D9-40C7-8AE5-C2C236024960}.Debug|Any CPU.ActiveCfg = Debug|Any CPU
		{457037AE-C0D9-40C7-8AE5-C2C236024960}.Debug|Any CPU.Build.0 = Debug|Any CPU
		{457037AE-C0D9-40C7-8AE5-C2C236024960}.Release|Any CPU.ActiveCfg = Release|Any CPU
		{457037AE-C0D9-40C7-8AE5-C2C236024960}.Release|Any CPU.Build.0 = Release|Any CPU
	EndGlobalSection
	GlobalSection(SolutionProperties) = preSolution
		HideSolutionNode = FALSE
	EndGlobalSection
	GlobalSection(ExtensibilityGlobals) = postSolution
		SolutionGuid = {BB7FA9DE-D507-47FD-9777-5D1246816965}
	EndGlobalSection
EndGlobal
