
Microsoft Visual Studio Solution File, Format Version 12.00
# Visual Studio 2013
VisualStudioVersion = 12.0.31101.0
MinimumVisualStudioVersion = 10.0.40219.1
Project("{2150E333-8FDC-42A3-9474-1A3956D46DE8}") = "Solution Items", "Solution Items", "{1F84FBD0-4F0B-4A1F-AAC7-EA575C338F83}"
	ProjectSection(SolutionItems) = preProject
		Local.testsettings = Local.testsettings
	EndProjectSection
EndProject
Project("{FAE04EC0-301F-11D3-BF4B-00C04F79EFBC}") = "BusySql.WebApi", "BusySql.WebApi\BusySql.WebApi.csproj", "{26A546F6-F251-464D-B15D-299F1AD82A47}"
EndProject
Project("{FAE04EC0-301F-11D3-BF4B-00C04F79EFBC}") = "BusySql.Support", "BusySql.Support\BusySql.Support.csproj", "{DA9C039D-D225-43F2-A0EC-471731F6DF4E}"
EndProject
Project("{CC5FD16D-436D-48AD-A40C-5A424C6E3E79}") = "DeployToAzure", "DeployToAzure\DeployToAzure.ccproj", "{0746B5F3-D2B1-4E48-B4B7-B8E3DBCE2A1B}"
EndProject
Global
	GlobalSection(SolutionConfigurationPlatforms) = preSolution
		Debug|Any CPU = Debug|Any CPU
		Release|Any CPU = Release|Any CPU
	EndGlobalSection
	GlobalSection(ProjectConfigurationPlatforms) = postSolution
		{26A546F6-F251-464D-B15D-299F1AD82A47}.Debug|Any CPU.ActiveCfg = Debug|Any CPU
		{26A546F6-F251-464D-B15D-299F1AD82A47}.Debug|Any CPU.Build.0 = Debug|Any CPU
		{26A546F6-F251-464D-B15D-299F1AD82A47}.Release|Any CPU.ActiveCfg = Release|Any CPU
		{26A546F6-F251-464D-B15D-299F1AD82A47}.Release|Any CPU.Build.0 = Release|Any CPU
		{DA9C039D-D225-43F2-A0EC-471731F6DF4E}.Debug|Any CPU.ActiveCfg = Debug|Any CPU
		{DA9C039D-D225-43F2-A0EC-471731F6DF4E}.Debug|Any CPU.Build.0 = Debug|Any CPU
		{DA9C039D-D225-43F2-A0EC-471731F6DF4E}.Release|Any CPU.ActiveCfg = Release|Any CPU
		{DA9C039D-D225-43F2-A0EC-471731F6DF4E}.Release|Any CPU.Build.0 = Release|Any CPU
		{0746B5F3-D2B1-4E48-B4B7-B8E3DBCE2A1B}.Debug|Any CPU.ActiveCfg = Debug|Any CPU
		{0746B5F3-D2B1-4E48-B4B7-B8E3DBCE2A1B}.Debug|Any CPU.Build.0 = Debug|Any CPU
		{0746B5F3-D2B1-4E48-B4B7-B8E3DBCE2A1B}.Release|Any CPU.ActiveCfg = Release|Any CPU
		{0746B5F3-D2B1-4E48-B4B7-B8E3DBCE2A1B}.Release|Any CPU.Build.0 = Release|Any CPU
	EndGlobalSection
	GlobalSection(SolutionProperties) = preSolution
		HideSolutionNode = FALSE
	EndGlobalSection
EndGlobal
