
Microsoft Visual Studio Solution File, Format Version 12.00
# Visual Studio Version 17
VisualStudioVersion = 17.11.35327.3
MinimumVisualStudioVersion = 10.0.40219.1
Project("{FAE04EC0-301F-11D3-BF4B-00C04F79EFBC}") = "BusyDatabase", "BusyDatabase\BusyDatabase.csproj", "{0F97407A-5542-419D-AF0D-D4638562B474}"
EndProject
Global
	GlobalSection(SolutionConfigurationPlatforms) = preSolution
		Debug|Any CPU = Debug|Any CPU
		Release|Any CPU = Release|Any CPU
	EndGlobalSection
	GlobalSection(ProjectConfigurationPlatforms) = postSolution
		{0F97407A-5542-419D-AF0D-D4638562B474}.Debug|Any CPU.ActiveCfg = Debug|Any CPU
		{0F97407A-5542-419D-AF0D-D4638562B474}.Debug|Any CPU.Build.0 = Debug|Any CPU
		{0F97407A-5542-419D-AF0D-D4638562B474}.Release|Any CPU.ActiveCfg = Release|Any CPU
		{0F97407A-5542-419D-AF0D-D4638562B474}.Release|Any CPU.Build.0 = Release|Any CPU
	EndGlobalSection
	GlobalSection(SolutionProperties) = preSolution
		HideSolutionNode = FALSE
	EndGlobalSection
	GlobalSection(ExtensibilityGlobals) = postSolution
		SolutionGuid = {095BBA99-35B4-431B-8A7D-895C3074420E}
	EndGlobalSection
EndGlobal
