
Microsoft Visual Studio Solution File, Format Version 12.00
# Visual Studio Version 17
VisualStudioVersion = 17.11.35327.3
MinimumVisualStudioVersion = 10.0.40219.1
Project("{FAE04EC0-301F-11D3-BF4B-00C04F79EFBC}") = "ExtraneousFetching", "ExtraneousFetching\ExtraneousFetching.csproj", "{DBB56ECB-2890-4527-95A6-9F9AAC1AD2D1}"
EndProject
Global
	GlobalSection(SolutionConfigurationPlatforms) = preSolution
		Debug|Any CPU = Debug|Any CPU
		Release|Any CPU = Release|Any CPU
	EndGlobalSection
	GlobalSection(ProjectConfigurationPlatforms) = postSolution
		{DBB56ECB-2890-4527-95A6-9F9AAC1AD2D1}.Debug|Any CPU.ActiveCfg = Debug|Any CPU
		{DBB56ECB-2890-4527-95A6-9F9AAC1AD2D1}.Debug|Any CPU.Build.0 = Debug|Any CPU
		{DBB56ECB-2890-4527-95A6-9F9AAC1AD2D1}.Release|Any CPU.ActiveCfg = Release|Any CPU
		{DBB56ECB-2890-4527-95A6-9F9AAC1AD2D1}.Release|Any CPU.Build.0 = Release|Any CPU
	EndGlobalSection
	GlobalSection(SolutionProperties) = preSolution
		HideSolutionNode = FALSE
	EndGlobalSection
	GlobalSection(ExtensibilityGlobals) = postSolution
		SolutionGuid = {A38EBBF4-AD60-40AA-A23A-F2D146303F7A}
	EndGlobalSection
EndGlobal
