
Microsoft Visual Studio Solution File, Format Version 12.00
# Visual Studio 2013
VisualStudioVersion = 12.0.31101.0
MinimumVisualStudioVersion = 10.0.40219.1
Project("{CC5FD16D-436D-48AD-A40C-5A424C6E3E79}") = "AzureCloudService", "AzureCloudService\AzureCloudService.ccproj", "{3C55BD0F-A0BC-4BC4-BECF-FF796D06FDFB}"
EndProject
Project("{FAE04EC0-301F-11D3-BF4B-00C04F79EFBC}") = "MonolithicPersistence.WebRole", "MonolithicPersistence.WebRole\MonolithicPersistence.WebRole.csproj", "{E1A8B52F-6B6E-45FF-B298-4DFB5CE1B779}"
EndProject
Project("{2150E333-8FDC-42A3-9474-1A3956D46DE8}") = "Solution Items", "Solution Items", "{3670BD23-2D8F-4FF3-9432-497EFEC44D37}"
	ProjectSection(SolutionItems) = preProject
		..\LICENSE.txt = ..\LICENSE.txt
		docs\MonolithicPersistence.md = docs\MonolithicPersistence.md
		README.md = README.md
	EndProjectSection
EndProject
Global
	GlobalSection(SolutionConfigurationPlatforms) = preSolution
		Debug|Any CPU = Debug|Any CPU
		Release|Any CPU = Release|Any CPU
	EndGlobalSection
	GlobalSection(ProjectConfigurationPlatforms) = postSolution
		{3C55BD0F-A0BC-4BC4-BECF-FF796D06FDFB}.Debug|Any CPU.ActiveCfg = Debug|Any CPU
		{3C55BD0F-A0BC-4BC4-BECF-FF796D06FDFB}.Debug|Any CPU.Build.0 = Debug|Any CPU
		{3C55BD0F-A0BC-4BC4-BECF-FF796D06FDFB}.Release|Any CPU.ActiveCfg = Release|Any CPU
		{3C55BD0F-A0BC-4BC4-BECF-FF796D06FDFB}.Release|Any CPU.Build.0 = Release|Any CPU
		{E1A8B52F-6B6E-45FF-B298-4DFB5CE1B779}.Debug|Any CPU.ActiveCfg = Debug|Any CPU
		{E1A8B52F-6B6E-45FF-B298-4DFB5CE1B779}.Debug|Any CPU.Build.0 = Debug|Any CPU
		{E1A8B52F-6B6E-45FF-B298-4DFB5CE1B779}.Release|Any CPU.ActiveCfg = Release|Any CPU
		{E1A8B52F-6B6E-45FF-B298-4DFB5CE1B779}.Release|Any CPU.Build.0 = Release|Any CPU
	EndGlobalSection
	GlobalSection(SolutionProperties) = preSolution
		HideSolutionNode = FALSE
	EndGlobalSection
	GlobalSection(ExtensibilityGlobals) = postSolution
		EnterpriseLibraryConfigurationToolBinariesPathV6 = packages\EnterpriseLibrary.TransientFaultHandling.6.0.1304.0\lib\portable-net45+win+wp8;packages\EnterpriseLibrary.TransientFaultHandling.Data.6.0.1304.1\lib\NET45
	EndGlobalSection
EndGlobal
