
Microsoft Visual Studio Solution File, Format Version 12.00
# Visual Studio 2013
VisualStudioVersion = 12.0.31101.0
MinimumVisualStudioVersion = 10.0.40219.1
Project("{FAE04EC0-301F-11D3-BF4B-00C04F79EFBC}") = "TooMuchProcSql.WebApi", "TooMuchProcSql.WebApi\TooMuchProcSql.WebApi.csproj", "{26A546F6-F251-464D-B15D-299F1AD82A47}"
EndProject
Project("{CC5FD16D-436D-48AD-A40C-5A424C6E3E79}") = "DeployToAzure", "DeployToAzure\DeployToAzure.ccproj", "{A36A96F6-4CB7-4ECC-99A8-116D928B9789}"
EndProject
Project("{FAE04EC0-301F-11D3-BF4B-00C04F79EFBC}") = "TooMuchProcSqlTests", "TooMuchProcSqlTests\TooMuchProcSqlTests.csproj", "{AAFEB24C-F369-47C5-9469-9FD3D4F122DA}"
EndProject
Project("{2150E333-8FDC-42A3-9474-1A3956D46DE8}") = "Solution Items", "Solution Items", "{1F84FBD0-4F0B-4A1F-AAC7-EA575C338F83}"
	ProjectSection(SolutionItems) = preProject
		Local.testsettings = Local.testsettings
	EndProjectSection
EndProject
Project("{FAE04EC0-301F-11D3-BF4B-00C04F79EFBC}") = "TooMuchProcSql.Support", "TooMuchProcSql.Support\TooMuchProcSql.Support.csproj", "{DA9C039D-D225-43F2-A0EC-471731F6DF4E}"
EndProject
Global
	GlobalSection(SolutionConfigurationPlatforms) = preSolution
		Debug|Any CPU = Debug|Any CPU
		Release|Any CPU = Release|Any CPU
	EndGlobalSection
	GlobalSection(ProjectConfigurationPlatforms) = postSolution
		{26A546F6-F251-464D-B15D-299F1AD82A47}.Debug|Any CPU.ActiveCfg = Debug|Any CPU
		{26A546F6-F251-464D-B15D-299F1AD82A47}.Debug|Any CPU.Build.0 = Debug|Any CPU
		{26A546F6-F251-464D-B15D-299F1AD82A47}.Release|Any CPU.ActiveCfg = Release|Any CPU
		{26A546F6-F251-464D-B15D-299F1AD82A47}.Release|Any CPU.Build.0 = Release|Any CPU
		{A36A96F6-4CB7-4ECC-99A8-116D928B9789}.Debug|Any CPU.ActiveCfg = Debug|Any CPU
		{A36A96F6-4CB7-4ECC-99A8-116D928B9789}.Debug|Any CPU.Build.0 = Debug|Any CPU
		{A36A96F6-4CB7-4ECC-99A8-116D928B9789}.Release|Any CPU.ActiveCfg = Release|Any CPU
		{A36A96F6-4CB7-4ECC-99A8-116D928B9789}.Release|Any CPU.Build.0 = Release|Any CPU
		{AAFEB24C-F369-47C5-9469-9FD3D4F122DA}.Debug|Any CPU.ActiveCfg = Debug|Any CPU
		{AAFEB24C-F369-47C5-9469-9FD3D4F122DA}.Debug|Any CPU.Build.0 = Debug|Any CPU
		{AAFEB24C-F369-47C5-9469-9FD3D4F122DA}.Release|Any CPU.ActiveCfg = Release|Any CPU
		{AAFEB24C-F369-47C5-9469-9FD3D4F122DA}.Release|Any CPU.Build.0 = Release|Any CPU
		{DA9C039D-D225-43F2-A0EC-471731F6DF4E}.Debug|Any CPU.ActiveCfg = Debug|Any CPU
		{DA9C039D-D225-43F2-A0EC-471731F6DF4E}.Debug|Any CPU.Build.0 = Debug|Any CPU
		{DA9C039D-D225-43F2-A0EC-471731F6DF4E}.Release|Any CPU.ActiveCfg = Release|Any CPU
		{DA9C039D-D225-43F2-A0EC-471731F6DF4E}.Release|Any CPU.Build.0 = Release|Any CPU
	EndGlobalSection
	GlobalSection(SolutionProperties) = preSolution
		HideSolutionNode = FALSE
	EndGlobalSection
EndGlobal
