
Microsoft Visual Studio Solution File, Format Version 12.00
# Visual Studio 2013
VisualStudioVersion = 12.0.31101.0
MinimumVisualStudioVersion = 10.0.40219.1
Project("{FAE04EC0-301F-11D3-BF4B-00C04F79EFBC}") = "ChattyIO.Tests", "ChattyIO.Tests\ChattyIO.Tests.csproj", "{697AB56B-1D85-4550-BFA6-32A1B923817D}"
EndProject
Project("{2150E333-8FDC-42A3-9474-1A3956D46DE8}") = ".nuget", ".nuget", "{4816FC39-008C-4CC3-B17D-CDA5C1DE5A6F}"
	ProjectSection(SolutionItems) = preProject
		.nuget\packages.config = .nuget\packages.config
	EndProjectSection
EndProject
Project("{FAE04EC0-301F-11D3-BF4B-00C04F79EFBC}") = "ChattyIO.DataAccess", "ChattyIO.DataAccess\ChattyIO.DataAccess.csproj", "{71798002-E345-4C51-A177-571FF9D71AB7}"
EndProject
Project("{FAE04EC0-301F-11D3-BF4B-00C04F79EFBC}") = "ChattyIO.Api.Web", "ChattyIO.Api.Web\ChattyIO.Api.Web.csproj", "{D0FD5682-3002-44C6-8834-2600F400C78E}"
EndProject
Project("{FAE04EC0-301F-11D3-BF4B-00C04F79EFBC}") = "ChattyIO.UI.Web", "ChattyIO.UI.Web\ChattyIO.UI.Web.csproj", "{E3135562-6A8F-4ED8-9779-0B7FA3696F12}"
EndProject
Global
	GlobalSection(SolutionConfigurationPlatforms) = preSolution
		Debug|Any CPU = Debug|Any CPU
		Release|Any CPU = Release|Any CPU
	EndGlobalSection
	GlobalSection(ProjectConfigurationPlatforms) = postSolution
		{697AB56B-1D85-4550-BFA6-32A1B923817D}.Debug|Any CPU.ActiveCfg = Debug|Any CPU
		{697AB56B-1D85-4550-BFA6-32A1B923817D}.Debug|Any CPU.Build.0 = Debug|Any CPU
		{697AB56B-1D85-4550-BFA6-32A1B923817D}.Release|Any CPU.ActiveCfg = Release|Any CPU
		{697AB56B-1D85-4550-BFA6-32A1B923817D}.Release|Any CPU.Build.0 = Release|Any CPU
		{71798002-E345-4C51-A177-571FF9D71AB7}.Debug|Any CPU.ActiveCfg = Debug|Any CPU
		{71798002-E345-4C51-A177-571FF9D71AB7}.Debug|Any CPU.Build.0 = Debug|Any CPU
		{71798002-E345-4C51-A177-571FF9D71AB7}.Release|Any CPU.ActiveCfg = Release|Any CPU
		{71798002-E345-4C51-A177-571FF9D71AB7}.Release|Any CPU.Build.0 = Release|Any CPU
		{D0FD5682-3002-44C6-8834-2600F400C78E}.Debug|Any CPU.ActiveCfg = Debug|Any CPU
		{D0FD5682-3002-44C6-8834-2600F400C78E}.Debug|Any CPU.Build.0 = Debug|Any CPU
		{D0FD5682-3002-44C6-8834-2600F400C78E}.Release|Any CPU.ActiveCfg = Release|Any CPU
		{D0FD5682-3002-44C6-8834-2600F400C78E}.Release|Any CPU.Build.0 = Release|Any CPU
		{E3135562-6A8F-4ED8-9779-0B7FA3696F12}.Debug|Any CPU.ActiveCfg = Debug|Any CPU
		{E3135562-6A8F-4ED8-9779-0B7FA3696F12}.Debug|Any CPU.Build.0 = Debug|Any CPU
		{E3135562-6A8F-4ED8-9779-0B7FA3696F12}.Release|Any CPU.ActiveCfg = Release|Any CPU
		{E3135562-6A8F-4ED8-9779-0B7FA3696F12}.Release|Any CPU.Build.0 = Release|Any CPU
	EndGlobalSection
	GlobalSection(SolutionProperties) = preSolution
		HideSolutionNode = FALSE
	EndGlobalSection
EndGlobal
