
Microsoft Visual Studio Solution File, Format Version 12.00
# Visual Studio 2013
VisualStudioVersion = 12.0.31101.0
MinimumVisualStudioVersion = 10.0.40219.1
Project("{CC5FD16D-436D-48AD-A40C-5A424C6E3E79}") = "BackgroundProcessor", "BackgroundProcessor\BackgroundProcessor.ccproj", "{F81A7EF0-A0F2-46B7-82D3-C20C8F29E658}"
EndProject
Project("{FAE04EC0-301F-11D3-BF4B-00C04F79EFBC}") = "BackgroundProcessor.WebRole", "BackgroundProcessor.WebRole\BackgroundProcessor.WebRole.csproj", "{399D806F-928C-4656-A5BA-E036AFFF67A8}"
EndProject
Project("{FAE04EC0-301F-11D3-BF4B-00C04F79EFBC}") = "BackgroundProcessor.WebRole.Tests", "BackgroundProcessor.WebRole.Tests\BackgroundProcessor.WebRole.Tests.csproj", "{66526000-F8D1-411A-8848-D3AFB7AD6549}"
EndProject
Project("{FAE04EC0-301F-11D3-BF4B-00C04F79EFBC}") = "BackgroundProcessor.WorkerRole", "BackgroundProcessor.WorkerRole\BackgroundProcessor.WorkerRole.csproj", "{CE3863C6-4196-4187-811C-2DBAD7D9BB87}"
EndProject
Global
	GlobalSection(SolutionConfigurationPlatforms) = preSolution
		Debug|Any CPU = Debug|Any CPU
		Release|Any CPU = Release|Any CPU
	EndGlobalSection
	GlobalSection(ProjectConfigurationPlatforms) = postSolution
		{F81A7EF0-A0F2-46B7-82D3-C20C8F29E658}.Debug|Any CPU.ActiveCfg = Debug|Any CPU
		{F81A7EF0-A0F2-46B7-82D3-C20C8F29E658}.Debug|Any CPU.Build.0 = Debug|Any CPU
		{F81A7EF0-A0F2-46B7-82D3-C20C8F29E658}.Release|Any CPU.ActiveCfg = Release|Any CPU
		{F81A7EF0-A0F2-46B7-82D3-C20C8F29E658}.Release|Any CPU.Build.0 = Release|Any CPU
		{399D806F-928C-4656-A5BA-E036AFFF67A8}.Debug|Any CPU.ActiveCfg = Debug|Any CPU
		{399D806F-928C-4656-A5BA-E036AFFF67A8}.Debug|Any CPU.Build.0 = Debug|Any CPU
		{399D806F-928C-4656-A5BA-E036AFFF67A8}.Release|Any CPU.ActiveCfg = Release|Any CPU
		{399D806F-928C-4656-A5BA-E036AFFF67A8}.Release|Any CPU.Build.0 = Release|Any CPU
		{66526000-F8D1-411A-8848-D3AFB7AD6549}.Debug|Any CPU.ActiveCfg = Debug|Any CPU
		{66526000-F8D1-411A-8848-D3AFB7AD6549}.Debug|Any CPU.Build.0 = Debug|Any CPU
		{66526000-F8D1-411A-8848-D3AFB7AD6549}.Release|Any CPU.ActiveCfg = Release|Any CPU
		{66526000-F8D1-411A-8848-D3AFB7AD6549}.Release|Any CPU.Build.0 = Release|Any CPU
		{CE3863C6-4196-4187-811C-2DBAD7D9BB87}.Debug|Any CPU.ActiveCfg = Debug|Any CPU
		{CE3863C6-4196-4187-811C-2DBAD7D9BB87}.Debug|Any CPU.Build.0 = Debug|Any CPU
		{CE3863C6-4196-4187-811C-2DBAD7D9BB87}.Release|Any CPU.ActiveCfg = Release|Any CPU
		{CE3863C6-4196-4187-811C-2DBAD7D9BB87}.Release|Any CPU.Build.0 = Release|Any CPU
	EndGlobalSection
	GlobalSection(SolutionProperties) = preSolution
		HideSolutionNode = FALSE
	EndGlobalSection
EndGlobal
