
Microsoft Visual Studio Solution File, Format Version 12.00
# Visual Studio 15
VisualStudioVersion = 15.0.28307.329
MinimumVisualStudioVersion = 10.0.40219.1
Project("{9A19103F-16F7-4668-BE54-9A1E7A4F7556}") = "SynchronousIO", "SynchronousIO.csproj", "{DA6E8DF0-1E76-4926-B242-128AA4AE980F}"
EndProject
Global
	GlobalSection(SolutionConfigurationPlatforms) = preSolution
		Debug|Any CPU = Debug|Any CPU
		Release|Any CPU = Release|Any CPU
	EndGlobalSection
	GlobalSection(ProjectConfigurationPlatforms) = postSolution
		{DA6E8DF0-1E76-4926-B242-128AA4AE980F}.Debug|Any CPU.ActiveCfg = Debug|Any CPU
		{DA6E8DF0-1E76-4926-B242-128AA4AE980F}.Debug|Any CPU.Build.0 = Debug|Any CPU
		{DA6E8DF0-1E76-4926-B242-128AA4AE980F}.Release|Any CPU.ActiveCfg = Release|Any CPU
		{DA6E8DF0-1E76-4926-B242-128AA4AE980F}.Release|Any CPU.Build.0 = Release|Any CPU
	EndGlobalSection
	GlobalSection(SolutionProperties) = preSolution
		HideSolutionNode = FALSE
	EndGlobalSection
	GlobalSection(ExtensibilityGlobals) = postSolution
		SolutionGuid = {BD4038AF-59B0-47DF-9C06-235EEB4E2B07}
	EndGlobalSection
EndGlobal
